
Microsoft Visual Studio Solution File, Format Version 12.00
# Visual Studio Version 17
VisualStudioVersion = 17.4.33110.190
MinimumVisualStudioVersion = 10.0.40219.1
Project("{9A19103F-16F7-4668-BE54-9A1E7A4F7556}") = "Lists", "Lists\Lists.csproj", "{EE8509A7-9731-49CE-A4B4-C353D2D0C580}"
EndProject
Project("{FAE04EC0-301F-11D3-BF4B-00C04F79EFBC}") = "RaceCondition", "RaceCondition\RaceCondition.csproj", "{B23B5F84-346D-4D82-BB12-4FB134D82971}"
EndProject
Global
	GlobalSection(SolutionConfigurationPlatforms) = preSolution
		Debug|Any CPU = Debug|Any CPU
		Release|Any CPU = Release|Any CPU
	EndGlobalSection
	GlobalSection(ProjectConfigurationPlatforms) = postSolution
		{EE8509A7-9731-49CE-A4B4-C353D2D0C580}.Debug|Any CPU.ActiveCfg = Debug|Any CPU
		{EE8509A7-9731-49CE-A4B4-C353D2D0C580}.Debug|Any CPU.Build.0 = Debug|Any CPU
		{EE8509A7-9731-49CE-A4B4-C353D2D0C580}.Release|Any CPU.ActiveCfg = Release|Any CPU
		{EE8509A7-9731-49CE-A4B4-C353D2D0C580}.Release|Any CPU.Build.0 = Release|Any CPU
		{B23B5F84-346D-4D82-BB12-4FB134D82971}.Debug|Any CPU.ActiveCfg = Debug|Any CPU
		{B23B5F84-346D-4D82-BB12-4FB134D82971}.Debug|Any CPU.Build.0 = Debug|Any CPU
		{B23B5F84-346D-4D82-BB12-4FB134D82971}.Release|Any CPU.ActiveCfg = Release|Any CPU
		{B23B5F84-346D-4D82-BB12-4FB134D82971}.Release|Any CPU.Build.0 = Release|Any CPU
	EndGlobalSection
	GlobalSection(SolutionProperties) = preSolution
		HideSolutionNode = FALSE
	EndGlobalSection
	GlobalSection(ExtensibilityGlobals) = postSolution
		SolutionGuid = {2BA9C47F-DDC7-4BC9-BD18-586EFD1C2F0F}
	EndGlobalSection
EndGlobal
